
Microsoft Visual Studio Solution File, Format Version 12.00
Project("{2150E333-8FDC-42A3-9474-1A3956D46DE8}") = "Src", "Src", "{81ACFA17-0530-4106-83B7-6651A806A4E3}"
EndProject
Project("{2150E333-8FDC-42A3-9474-1A3956D46DE8}") = "Lab8.Course", "Lab8.Course", "{30CAAAEA-733B-4537-B8AB-37D0860873E7}"
EndProject
Project("{2150E333-8FDC-42A3-9474-1A3956D46DE8}") = "Core", "Core", "{334B9EA5-2F00-402A-8E83-51A2D07AECA3}"
EndProject
Project("{FAE04EC0-301F-11D3-BF4B-00C04F79EFBC}") = "Lab8.Course.Domain", "Lab8.Course.Domain\Lab8.Course.Domain.csproj", "{7B03442D-D9AD-4676-8A46-FD80E52E4D84}"
EndProject
Project("{FAE04EC0-301F-11D3-BF4B-00C04F79EFBC}") = "Lab8.Course.Application", "Lab8.Course.Application\Lab8.Course.Application.csproj", "{CEB97986-59EF-4CF5-BCEC-22541E935BB5}"
EndProject
Project("{2150E333-8FDC-42A3-9474-1A3956D46DE8}") = "Common", "Common", "{FB78897A-3518-472C-B618-7982EAF593AB}"
EndProject
Project("{FAE04EC0-301F-11D3-BF4B-00C04F79EFBC}") = "Lab8.Course.Common", "Lab8.Course.Common\Lab8.Course.Common.csproj", "{4951AE04-E702-4B95-81A2-1095B7185A3C}"
EndProject
Project("{2150E333-8FDC-42A3-9474-1A3956D46DE8}") = "Lab8.Enrollment", "Lab8.Enrollment", "{BF93BE38-8DA1-412C-B3DE-7502E4F10C66}"
EndProject
Project("{2150E333-8FDC-42A3-9474-1A3956D46DE8}") = "Infrastructure", "Infrastructure", "{FC820A6C-5D7E-4866-9603-6416C95B0A63}"
EndProject
Project("{FAE04EC0-301F-11D3-BF4B-00C04F79EFBC}") = "Lab8.Course.Infrastructure", "Lab8.Course.Infrastructure\Lab8.Course.Infrastructure.csproj", "{9C608F35-3FBF-463B-ADBA-7D6ED2ACEC0C}"
EndProject
Project("{FAE04EC0-301F-11D3-BF4B-00C04F79EFBC}") = "Lab8.Course.Persistence", "Lab8.Course.Persistence\Lab8.Course.Persistence.csproj", "{E9DC9350-D216-45B4-9EF1-82999CED7E66}"
EndProject
Project("{2150E333-8FDC-42A3-9474-1A3956D46DE8}") = "Presentation", "Presentation", "{5B0B7F41-1D38-41D0-8F81-DC964B5F0928}"
EndProject
Project("{FAE04EC0-301F-11D3-BF4B-00C04F79EFBC}") = "Lab8.Course.API", "Lab8.Course.API\Lab8.Course.API.csproj", "{EDC46E54-2D1F-41B3-920F-2B3E3A9C891F}"
EndProject
Project("{2150E333-8FDC-42A3-9474-1A3956D46DE8}") = "Src", "Src", "{B3B53689-DCCB-4AF4-A1C3-B81FF3B2E8DD}"
EndProject
Project("{2150E333-8FDC-42A3-9474-1A3956D46DE8}") = "Common", "Common", "{41E1AEFA-6219-4958-8124-6E73E139BC82}"
EndProject
Project("{2150E333-8FDC-42A3-9474-1A3956D46DE8}") = "Core", "Core", "{EDC03645-BC0C-4B50-9D66-653203038F93}"
EndProject
Project("{2150E333-8FDC-42A3-9474-1A3956D46DE8}") = "Infrastructure", "Infrastructure", "{F83D06F5-FC47-4D1A-99E6-3EB7BD587086}"
EndProject
Project("{2150E333-8FDC-42A3-9474-1A3956D46DE8}") = "Presentation", "Presentation", "{3113A482-CB2D-44C2-9D5F-EC2FF35C884D}"
EndProject
Project("{FAE04EC0-301F-11D3-BF4B-00C04F79EFBC}") = "Lab8.Enrollment.Common", "Lab8.Enrollment.Common\Lab8.Enrollment.Common.csproj", "{9CB57602-68A9-4D1A-9030-B810B49C090C}"
EndProject
Project("{FAE04EC0-301F-11D3-BF4B-00C04F79EFBC}") = "Lab8.Enrollment.Application", "Lab8.Enrollment.Application\Lab8.Enrollment.Application.csproj", "{13186AC1-21DF-43C0-BB8E-F8E0D8AE1DD3}"
EndProject
Project("{FAE04EC0-301F-11D3-BF4B-00C04F79EFBC}") = "Lab8.Enrollment.Domain", "Lab8.Enrollment.Domain\Lab8.Enrollment.Domain.csproj", "{5154BC6D-3D96-48C6-95BD-6551A207E414}"
EndProject
Project("{FAE04EC0-301F-11D3-BF4B-00C04F79EFBC}") = "Lab8.Enrollment.Infrastructure", "Lab8.Enrollment.Infrastructure\Lab8.Enrollment.Infrastructure.csproj", "{A86D30D0-8E50-4F40-BF3F-0F43C1E0EACE}"
EndProject
Project("{FAE04EC0-301F-11D3-BF4B-00C04F79EFBC}") = "Lab8.Enrollment.Persistence", "Lab8.Enrollment.Persistence\Lab8.Enrollment.Persistence.csproj", "{778F1266-73CD-4922-B339-39D5458A4D9F}"
EndProject
Project("{FAE04EC0-301F-11D3-BF4B-00C04F79EFBC}") = "Lab8.Enrollment.API", "Lab8.Enrollment.API\Lab8.Enrollment.API.csproj", "{A7772CB4-D83A-40EF-9D77-FBED289C3BD7}"
EndProject
Project("{2150E333-8FDC-42A3-9474-1A3956D46DE8}") = "Lab8.Auth", "Lab8.Auth", "{D64F9E7A-A243-4160-A418-B102FA92C786}"
	ProjectSection(SolutionItems) = preProject
		.dockerignore = .dockerignore
	EndProjectSection
EndProject
Project("{2150E333-8FDC-42A3-9474-1A3956D46DE8}") = "Src", "Src", "{F33A81BA-3F20-4178-B3EB-8F988AB23C99}"
EndProject
Project("{2150E333-8FDC-42A3-9474-1A3956D46DE8}") = "Common", "Common", "{15B06A64-C952-4558-8EA5-A998E9BCEA70}"
EndProject
Project("{2150E333-8FDC-42A3-9474-1A3956D46DE8}") = "Core", "Core", "{DA2AC4AB-0675-4CF3-B5E2-6C92884DC5A0}"
EndProject
Project("{2150E333-8FDC-42A3-9474-1A3956D46DE8}") = "Infrastructure", "Infrastructure", "{76381019-28A3-4295-923C-535B84165ED7}"
EndProject
Project("{2150E333-8FDC-42A3-9474-1A3956D46DE8}") = "Presentation", "Presentation", "{E7B65F08-605A-487D-902E-6157A6362EB1}"
EndProject
Project("{FAE04EC0-301F-11D3-BF4B-00C04F79EFBC}") = "Lab8.Auth.Common", "Lab8.Auth.Common\Lab8.Auth.Common.csproj", "{B5C83D17-28EC-40FC-86A3-A085DA086DCF}"
EndProject
Project("{FAE04EC0-301F-11D3-BF4B-00C04F79EFBC}") = "Lab8.Auth.Application", "Lab8.Auth.Application\Lab8.Auth.Application.csproj", "{E5319D1B-7F4B-4F88-B8E5-F0596AAD595C}"
EndProject
Project("{FAE04EC0-301F-11D3-BF4B-00C04F79EFBC}") = "Lab8.Auth.Domain", "Lab8.Auth.Domain\Lab8.Auth.Domain.csproj", "{F48DC119-288B-41EA-A8E7-007518E141FA}"
EndProject
Project("{FAE04EC0-301F-11D3-BF4B-00C04F79EFBC}") = "Lab8.Auth.Infrastructure", "Lab8.Auth.Infrastructure\Lab8.Auth.Infrastructure.csproj", "{B4CC0830-B5A9-46B6-B960-DAD265AEB49C}"
EndProject
Project("{FAE04EC0-301F-11D3-BF4B-00C04F79EFBC}") = "Lab8.Auth.Persistence", "Lab8.Auth.Persistence\Lab8.Auth.Persistence.csproj", "{8AD3D2ED-2D21-463A-A630-3576F0ADA77D}"
EndProject
Project("{FAE04EC0-301F-11D3-BF4B-00C04F79EFBC}") = "Lab8.Auth.API", "Lab8.Auth.API\Lab8.Auth.API.csproj", "{0FFFC62A-C5E8-4FE1-8ABF-44A7ED6079C0}"
EndProject
Global
	GlobalSection(SolutionConfigurationPlatforms) = preSolution
		Debug|Any CPU = Debug|Any CPU
		Release|Any CPU = Release|Any CPU
	EndGlobalSection
	GlobalSection(NestedProjects) = preSolution
		{81ACFA17-0530-4106-83B7-6651A806A4E3} = {30CAAAEA-733B-4537-B8AB-37D0860873E7}
		{334B9EA5-2F00-402A-8E83-51A2D07AECA3} = {81ACFA17-0530-4106-83B7-6651A806A4E3}
		{7B03442D-D9AD-4676-8A46-FD80E52E4D84} = {334B9EA5-2F00-402A-8E83-51A2D07AECA3}
		{CEB97986-59EF-4CF5-BCEC-22541E935BB5} = {334B9EA5-2F00-402A-8E83-51A2D07AECA3}
		{FB78897A-3518-472C-B618-7982EAF593AB} = {81ACFA17-0530-4106-83B7-6651A806A4E3}
		{4951AE04-E702-4B95-81A2-1095B7185A3C} = {FB78897A-3518-472C-B618-7982EAF593AB}
		{FC820A6C-5D7E-4866-9603-6416C95B0A63} = {81ACFA17-0530-4106-83B7-6651A806A4E3}
		{9C608F35-3FBF-463B-ADBA-7D6ED2ACEC0C} = {FC820A6C-5D7E-4866-9603-6416C95B0A63}
		{E9DC9350-D216-45B4-9EF1-82999CED7E66} = {FC820A6C-5D7E-4866-9603-6416C95B0A63}
		{5B0B7F41-1D38-41D0-8F81-DC964B5F0928} = {81ACFA17-0530-4106-83B7-6651A806A4E3}
		{EDC46E54-2D1F-41B3-920F-2B3E3A9C891F} = {5B0B7F41-1D38-41D0-8F81-DC964B5F0928}
		{B3B53689-DCCB-4AF4-A1C3-B81FF3B2E8DD} = {BF93BE38-8DA1-412C-B3DE-7502E4F10C66}
		{41E1AEFA-6219-4958-8124-6E73E139BC82} = {B3B53689-DCCB-4AF4-A1C3-B81FF3B2E8DD}
		{EDC03645-BC0C-4B50-9D66-653203038F93} = {B3B53689-DCCB-4AF4-A1C3-B81FF3B2E8DD}
		{F83D06F5-FC47-4D1A-99E6-3EB7BD587086} = {B3B53689-DCCB-4AF4-A1C3-B81FF3B2E8DD}
		{3113A482-CB2D-44C2-9D5F-EC2FF35C884D} = {B3B53689-DCCB-4AF4-A1C3-B81FF3B2E8DD}
		{9CB57602-68A9-4D1A-9030-B810B49C090C} = {41E1AEFA-6219-4958-8124-6E73E139BC82}
		{13186AC1-21DF-43C0-BB8E-F8E0D8AE1DD3} = {EDC03645-BC0C-4B50-9D66-653203038F93}
		{5154BC6D-3D96-48C6-95BD-6551A207E414} = {EDC03645-BC0C-4B50-9D66-653203038F93}
		{A86D30D0-8E50-4F40-BF3F-0F43C1E0EACE} = {F83D06F5-FC47-4D1A-99E6-3EB7BD587086}
		{778F1266-73CD-4922-B339-39D5458A4D9F} = {F83D06F5-FC47-4D1A-99E6-3EB7BD587086}
		{A7772CB4-D83A-40EF-9D77-FBED289C3BD7} = {3113A482-CB2D-44C2-9D5F-EC2FF35C884D}
		{F33A81BA-3F20-4178-B3EB-8F988AB23C99} = {D64F9E7A-A243-4160-A418-B102FA92C786}
		{15B06A64-C952-4558-8EA5-A998E9BCEA70} = {F33A81BA-3F20-4178-B3EB-8F988AB23C99}
		{DA2AC4AB-0675-4CF3-B5E2-6C92884DC5A0} = {F33A81BA-3F20-4178-B3EB-8F988AB23C99}
		{76381019-28A3-4295-923C-535B84165ED7} = {F33A81BA-3F20-4178-B3EB-8F988AB23C99}
		{E7B65F08-605A-487D-902E-6157A6362EB1} = {F33A81BA-3F20-4178-B3EB-8F988AB23C99}
		{B5C83D17-28EC-40FC-86A3-A085DA086DCF} = {15B06A64-C952-4558-8EA5-A998E9BCEA70}
		{E5319D1B-7F4B-4F88-B8E5-F0596AAD595C} = {DA2AC4AB-0675-4CF3-B5E2-6C92884DC5A0}
		{F48DC119-288B-41EA-A8E7-007518E141FA} = {DA2AC4AB-0675-4CF3-B5E2-6C92884DC5A0}
		{B4CC0830-B5A9-46B6-B960-DAD265AEB49C} = {76381019-28A3-4295-923C-535B84165ED7}
		{8AD3D2ED-2D21-463A-A630-3576F0ADA77D} = {76381019-28A3-4295-923C-535B84165ED7}
		{0FFFC62A-C5E8-4FE1-8ABF-44A7ED6079C0} = {E7B65F08-605A-487D-902E-6157A6362EB1}
	EndGlobalSection
	GlobalSection(ProjectConfigurationPlatforms) = postSolution
		{7B03442D-D9AD-4676-8A46-FD80E52E4D84}.Debug|Any CPU.ActiveCfg = Debug|Any CPU
		{7B03442D-D9AD-4676-8A46-FD80E52E4D84}.Debug|Any CPU.Build.0 = Debug|Any CPU
		{7B03442D-D9AD-4676-8A46-FD80E52E4D84}.Release|Any CPU.ActiveCfg = Release|Any CPU
		{7B03442D-D9AD-4676-8A46-FD80E52E4D84}.Release|Any CPU.Build.0 = Release|Any CPU
		{CEB97986-59EF-4CF5-BCEC-22541E935BB5}.Debug|Any CPU.ActiveCfg = Debug|Any CPU
		{CEB97986-59EF-4CF5-BCEC-22541E935BB5}.Debug|Any CPU.Build.0 = Debug|Any CPU
		{CEB97986-59EF-4CF5-BCEC-22541E935BB5}.Release|Any CPU.ActiveCfg = Release|Any CPU
		{CEB97986-59EF-4CF5-BCEC-22541E935BB5}.Release|Any CPU.Build.0 = Release|Any CPU
		{4951AE04-E702-4B95-81A2-1095B7185A3C}.Debug|Any CPU.ActiveCfg = Debug|Any CPU
		{4951AE04-E702-4B95-81A2-1095B7185A3C}.Debug|Any CPU.Build.0 = Debug|Any CPU
		{4951AE04-E702-4B95-81A2-1095B7185A3C}.Release|Any CPU.ActiveCfg = Release|Any CPU
		{4951AE04-E702-4B95-81A2-1095B7185A3C}.Release|Any CPU.Build.0 = Release|Any CPU
		{9C608F35-3FBF-463B-ADBA-7D6ED2ACEC0C}.Debug|Any CPU.ActiveCfg = Debug|Any CPU
		{9C608F35-3FBF-463B-ADBA-7D6ED2ACEC0C}.Debug|Any CPU.Build.0 = Debug|Any CPU
		{9C608F35-3FBF-463B-ADBA-7D6ED2ACEC0C}.Release|Any CPU.ActiveCfg = Release|Any CPU
		{9C608F35-3FBF-463B-ADBA-7D6ED2ACEC0C}.Release|Any CPU.Build.0 = Release|Any CPU
		{E9DC9350-D216-45B4-9EF1-82999CED7E66}.Debug|Any CPU.ActiveCfg = Debug|Any CPU
		{E9DC9350-D216-45B4-9EF1-82999CED7E66}.Debug|Any CPU.Build.0 = Debug|Any CPU
		{E9DC9350-D216-45B4-9EF1-82999CED7E66}.Release|Any CPU.ActiveCfg = Release|Any CPU
		{E9DC9350-D216-45B4-9EF1-82999CED7E66}.Release|Any CPU.Build.0 = Release|Any CPU
		{EDC46E54-2D1F-41B3-920F-2B3E3A9C891F}.Debug|Any CPU.ActiveCfg = Debug|Any CPU
		{EDC46E54-2D1F-41B3-920F-2B3E3A9C891F}.Debug|Any CPU.Build.0 = Debug|Any CPU
		{EDC46E54-2D1F-41B3-920F-2B3E3A9C891F}.Release|Any CPU.ActiveCfg = Release|Any CPU
		{EDC46E54-2D1F-41B3-920F-2B3E3A9C891F}.Release|Any CPU.Build.0 = Release|Any CPU
		{9CB57602-68A9-4D1A-9030-B810B49C090C}.Debug|Any CPU.ActiveCfg = Debug|Any CPU
		{9CB57602-68A9-4D1A-9030-B810B49C090C}.Debug|Any CPU.Build.0 = Debug|Any CPU
		{9CB57602-68A9-4D1A-9030-B810B49C090C}.Release|Any CPU.ActiveCfg = Release|Any CPU
		{9CB57602-68A9-4D1A-9030-B810B49C090C}.Release|Any CPU.Build.0 = Release|Any CPU
		{13186AC1-21DF-43C0-BB8E-F8E0D8AE1DD3}.Debug|Any CPU.ActiveCfg = Debug|Any CPU
		{13186AC1-21DF-43C0-BB8E-F8E0D8AE1DD3}.Debug|Any CPU.Build.0 = Debug|Any CPU
		{13186AC1-21DF-43C0-BB8E-F8E0D8AE1DD3}.Release|Any CPU.ActiveCfg = Release|Any CPU
		{13186AC1-21DF-43C0-BB8E-F8E0D8AE1DD3}.Release|Any CPU.Build.0 = Release|Any CPU
		{5154BC6D-3D96-48C6-95BD-6551A207E414}.Debug|Any CPU.ActiveCfg = Debug|Any CPU
		{5154BC6D-3D96-48C6-95BD-6551A207E414}.Debug|Any CPU.Build.0 = Debug|Any CPU
		{5154BC6D-3D96-48C6-95BD-6551A207E414}.Release|Any CPU.ActiveCfg = Release|Any CPU
		{5154BC6D-3D96-48C6-95BD-6551A207E414}.Release|Any CPU.Build.0 = Release|Any CPU
		{A86D30D0-8E50-4F40-BF3F-0F43C1E0EACE}.Debug|Any CPU.ActiveCfg = Debug|Any CPU
		{A86D30D0-8E50-4F40-BF3F-0F43C1E0EACE}.Debug|Any CPU.Build.0 = Debug|Any CPU
		{A86D30D0-8E50-4F40-BF3F-0F43C1E0EACE}.Release|Any CPU.ActiveCfg = Release|Any CPU
		{A86D30D0-8E50-4F40-BF3F-0F43C1E0EACE}.Release|Any CPU.Build.0 = Release|Any CPU
		{778F1266-73CD-4922-B339-39D5458A4D9F}.Debug|Any CPU.ActiveCfg = Debug|Any CPU
		{778F1266-73CD-4922-B339-39D5458A4D9F}.Debug|Any CPU.Build.0 = Debug|Any CPU
		{778F1266-73CD-4922-B339-39D5458A4D9F}.Release|Any CPU.ActiveCfg = Release|Any CPU
		{778F1266-73CD-4922-B339-39D5458A4D9F}.Release|Any CPU.Build.0 = Release|Any CPU
		{A7772CB4-D83A-40EF-9D77-FBED289C3BD7}.Debug|Any CPU.ActiveCfg = Debug|Any CPU
		{A7772CB4-D83A-40EF-9D77-FBED289C3BD7}.Debug|Any CPU.Build.0 = Debug|Any CPU
		{A7772CB4-D83A-40EF-9D77-FBED289C3BD7}.Release|Any CPU.ActiveCfg = Release|Any CPU
		{A7772CB4-D83A-40EF-9D77-FBED289C3BD7}.Release|Any CPU.Build.0 = Release|Any CPU
		{B5C83D17-28EC-40FC-86A3-A085DA086DCF}.Debug|Any CPU.ActiveCfg = Debug|Any CPU
		{B5C83D17-28EC-40FC-86A3-A085DA086DCF}.Debug|Any CPU.Build.0 = Debug|Any CPU
		{B5C83D17-28EC-40FC-86A3-A085DA086DCF}.Release|Any CPU.ActiveCfg = Release|Any CPU
		{B5C83D17-28EC-40FC-86A3-A085DA086DCF}.Release|Any CPU.Build.0 = Release|Any CPU
		{E5319D1B-7F4B-4F88-B8E5-F0596AAD595C}.Debug|Any CPU.ActiveCfg = Debug|Any CPU
		{E5319D1B-7F4B-4F88-B8E5-F0596AAD595C}.Debug|Any CPU.Build.0 = Debug|Any CPU
		{E5319D1B-7F4B-4F88-B8E5-F0596AAD595C}.Release|Any CPU.ActiveCfg = Release|Any CPU
		{E5319D1B-7F4B-4F88-B8E5-F0596AAD595C}.Release|Any CPU.Build.0 = Release|Any CPU
		{F48DC119-288B-41EA-A8E7-007518E141FA}.Debug|Any CPU.ActiveCfg = Debug|Any CPU
		{F48DC119-288B-41EA-A8E7-007518E141FA}.Debug|Any CPU.Build.0 = Debug|Any CPU
		{F48DC119-288B-41EA-A8E7-007518E141FA}.Release|Any CPU.ActiveCfg = Release|Any CPU
		{F48DC119-288B-41EA-A8E7-007518E141FA}.Release|Any CPU.Build.0 = Release|Any CPU
		{B4CC0830-B5A9-46B6-B960-DAD265AEB49C}.Debug|Any CPU.ActiveCfg = Debug|Any CPU
		{B4CC0830-B5A9-46B6-B960-DAD265AEB49C}.Debug|Any CPU.Build.0 = Debug|Any CPU
		{B4CC0830-B5A9-46B6-B960-DAD265AEB49C}.Release|Any CPU.ActiveCfg = Release|Any CPU
		{B4CC0830-B5A9-46B6-B960-DAD265AEB49C}.Release|Any CPU.Build.0 = Release|Any CPU
		{8AD3D2ED-2D21-463A-A630-3576F0ADA77D}.Debug|Any CPU.ActiveCfg = Debug|Any CPU
		{8AD3D2ED-2D21-463A-A630-3576F0ADA77D}.Debug|Any CPU.Build.0 = Debug|Any CPU
		{8AD3D2ED-2D21-463A-A630-3576F0ADA77D}.Release|Any CPU.ActiveCfg = Release|Any CPU
		{8AD3D2ED-2D21-463A-A630-3576F0ADA77D}.Release|Any CPU.Build.0 = Release|Any CPU
		{0FFFC62A-C5E8-4FE1-8ABF-44A7ED6079C0}.Debug|Any CPU.ActiveCfg = Debug|Any CPU
		{0FFFC62A-C5E8-4FE1-8ABF-44A7ED6079C0}.Debug|Any CPU.Build.0 = Debug|Any CPU
		{0FFFC62A-C5E8-4FE1-8ABF-44A7ED6079C0}.Release|Any CPU.ActiveCfg = Release|Any CPU
		{0FFFC62A-C5E8-4FE1-8ABF-44A7ED6079C0}.Release|Any CPU.Build.0 = Release|Any CPU
	EndGlobalSection
EndGlobal
